{
  "originHash" : "911fe1cb3c112f2b07695573940b8baeb1a64cc480dee60854b2ddc1353e50d1",
  "pins" : [
    {
      "identity" : "devicekit",
      "kind" : "remoteSourceControl",
      "location" : "https://github.com/devicekit/DeviceKit.git",
      "state" : {
        "revision" : "19528aa07e1426626ea9fb2c4a161edf43c4f9e8",
        "version" : "5.9.0"
      }
    }
  ],
  "version" : 3
}
