// !$*UTF8*$!
{
	"archiveVersion" = 1;
	"classes" = {
	};
	"objectVersion" = 56;
	"objects" = {
		"8AAC178D90900A6DCB8047AB" = {
			"isa" = "PBXFileReference";
			"lastKnownFileType" = "sourcecode.swift";
			"path" = "Hibiki/AppModel.swift";
			"sourceTree" = "<group>";
		};
		"A5B358B18FF1461B76631E22" = {
			"isa" = "PBXFileReference";
			"lastKnownFileType" = "sourcecode.swift";
			"path" = "Hibiki/BackgroundRuntime.swift";
			"sourceTree" = "<group>";
		};
		"029B13A73DF834824C227D26" = {
			"isa" = "PBXFileReference";
			"lastKnownFileType" = "sourcecode.swift";
			"path" = "Hibiki/CardDetails.swift";
			"sourceTree" = "<group>";
		};
		"55CF3CD1FEDFD120109B1115" = {
			"isa" = "PBXFileReference";
			"lastKnownFileType" = "sourcecode.swift";
			"path" = "Hibiki/CardInspection.swift";
			"sourceTree" = "<group>";
		};
		"0634DB863C7CEF301E1FC617" = {
			"isa" = "PBXFileReference";
			"lastKnownFileType" = "sourcecode.swift";
			"path" = "Hibiki/DeviceComponents.swift";
			"sourceTree" = "<group>";
		};
		"CA4F08FA9B685324B7752A38" = {
			"isa" = "PBXFileReference";
			"lastKnownFileType" = "sourcecode.swift";
			"path" = "Hibiki/DevicePing.swift";
			"sourceTree" = "<group>";
		};
		"89FC3FC1436CA451B6C49AFD" = {
			"isa" = "PBXFileReference";
			"lastKnownFileType" = "sourcecode.swift";
			"path" = "Hibiki/Hardware.swift";
			"sourceTree" = "<group>";
		};
		"86F5BD6FE16519A673D2F268" = {
			"isa" = "PBXFileReference";
			"lastKnownFileType" = "sourcecode.swift";
			"path" = "Hibiki/HibikiApp.swift";
			"sourceTree" = "<group>";
		};
		"8C1B0030910700BADEACF19A" = {
			"isa" = "PBXFileReference";
			"lastKnownFileType" = "sourcecode.swift";
			"path" = "Hibiki/QRCode.swift";
			"sourceTree" = "<group>";
		};
		"494858FC2D7C435DFD497435" = {
			"isa" = "PBXFileReference";
			"lastKnownFileType" = "sourcecode.swift";
			"path" = "Hibiki/RequestNotifications.swift";
			"sourceTree" = "<group>";
		};
		"30405C0845396342E53BBDE2" = {
			"isa" = "PBXFileReference";
			"lastKnownFileType" = "sourcecode.swift";
			"path" = "Hibiki/SecureStorage.swift";
			"sourceTree" = "<group>";
		};
		"DC9BFAD39FA847EC5B45C1C1" = {
			"isa" = "PBXFileReference";
			"lastKnownFileType" = "sourcecode.swift";
			"path" = "Hibiki/Views.swift";
			"sourceTree" = "<group>";
		};
		"CCB360B4A25AAD5BE1F67C32" = {
			"isa" = "PBXFileReference";
			"lastKnownFileType" = "sourcecode.swift";
			"path" = "Generated/hibiki_mobile.swift";
			"sourceTree" = "<group>";
		};
		"A4DED26A31388E5562FACDF0" = {
			"isa" = "PBXFileReference";
			"lastKnownFileType" = "sourcecode.swift";
			"path" = "HibikiTests/BackgroundRequestTests.swift";
			"sourceTree" = "<group>";
		};
		"677EF56FF2874A4E12AB07CD" = {
			"isa" = "PBXFileReference";
			"lastKnownFileType" = "sourcecode.swift";
			"path" = "HibikiTests/CardInspectionTests.swift";
			"sourceTree" = "<group>";
		};
		"784A3EAAD84AA09D325E51D6" = {
			"isa" = "PBXFileReference";
			"lastKnownFileType" = "sourcecode.swift";
			"path" = "HibikiTests/CoreBridgeTests.swift";
			"sourceTree" = "<group>";
		};
		"F4DB51FC0E7857E98EE83D24" = {
			"isa" = "PBXFileReference";
			"lastKnownFileType" = "sourcecode.swift";
			"path" = "HibikiTests/DevicePingTests.swift";
			"sourceTree" = "<group>";
		};
		"6CDBC7A0DA8B2F626882C89C" = {
			"isa" = "PBXFileReference";
			"lastKnownFileType" = "sourcecode.swift";
			"path" = "HibikiTests/PairingQRTests.swift";
			"sourceTree" = "<group>";
		};
		"1647292924F036B6BD628B9C" = {
			"isa" = "PBXFileReference";
			"lastKnownFileType" = "sourcecode.swift";
			"path" = "HibikiUITests/HibikiUITests.swift";
			"sourceTree" = "<group>";
		};
		"93338A27DFB0028A55F6931F" = {
			"isa" = "PBXFileReference";
			"lastKnownFileType" = "text.json.xcstrings";
			"path" = "Hibiki/InfoPlist.xcstrings";
			"sourceTree" = "<group>";
		};
		"6C25DD4E7026252094AE954D" = {
			"isa" = "PBXFileReference";
			"lastKnownFileType" = "text.json.xcstrings";
			"path" = "Hibiki/Localizable.xcstrings";
			"sourceTree" = "<group>";
		};
		"44266C45A8557E9CD4298C6A" = {
			"isa" = "PBXFileReference";
			"lastKnownFileType" = "folder.assetcatalog";
			"path" = "Hibiki/Assets.xcassets";
			"sourceTree" = "<group>";
		};
		"3838D20ED481FDED6CCC28DE" = {
			"isa" = "PBXFileReference";
			"lastKnownFileType" = "folder.iconcomposer.icon";
			"path" = "Hibiki/AppIcon.icon";
			"sourceTree" = "<group>";
		};
		"8543B9AF9FEF75AAAC2F92B7" = {
			"isa" = "PBXFileReference";
			"lastKnownFileType" = "wrapper.xcframework";
			"path" = "Frameworks/HibikiCore.xcframework";
			"sourceTree" = "<group>";
		};
		"B96AFFCB5F8BACA0D897B6F5" = {
			"isa" = "PBXFileReference";
			"lastKnownFileType" = "text.xcconfig";
			"path" = "Signing.xcconfig";
			"sourceTree" = "<group>";
		};
		"08FC9446E4EA183B226AEE65" = {
			"isa" = "XCRemoteSwiftPackageReference";
			"repositoryURL" = "https://github.com/devicekit/DeviceKit.git";
			"requirement" = {
				"kind" = "upToNextMajorVersion";
				"minimumVersion" = "5.9.0";
			};
		};
		"38CC08E9906CB414CE268FF7" = {
			"isa" = "XCSwiftPackageProductDependency";
			"package" = "08FC9446E4EA183B226AEE65";
			"productName" = "DeviceKit";
		};
		"6700444FC3D0C4DB1EDE8025" = {
			"isa" = "PBXBuildFile";
			"productRef" = "38CC08E9906CB414CE268FF7";
		};
		"3054375E2BBC74D2B4195B28" = {
			"isa" = "PBXFileReference";
			"explicitFileType" = "wrapper.application";
			"path" = "Hibiki.app";
			"sourceTree" = "BUILT_PRODUCTS_DIR";
		};
		"3939BCC4AA97C38CE8D6BF24" = {
			"isa" = "PBXBuildFile";
			"fileRef" = "8AAC178D90900A6DCB8047AB";
		};
		"45F5E24169AEF4C5CA725033" = {
			"isa" = "PBXBuildFile";
			"fileRef" = "A5B358B18FF1461B76631E22";
		};
		"684B13CF305C01863417F1D6" = {
			"isa" = "PBXBuildFile";
			"fileRef" = "029B13A73DF834824C227D26";
		};
		"3037DED613301EB8115AF107" = {
			"isa" = "PBXBuildFile";
			"fileRef" = "55CF3CD1FEDFD120109B1115";
		};
		"7BF1FB98973A8AD894A75754" = {
			"isa" = "PBXBuildFile";
			"fileRef" = "0634DB863C7CEF301E1FC617";
		};
		"0F78534D94F694D623F8930A" = {
			"isa" = "PBXBuildFile";
			"fileRef" = "CA4F08FA9B685324B7752A38";
		};
		"FD095BF389A188D59D6FD5DA" = {
			"isa" = "PBXBuildFile";
			"fileRef" = "89FC3FC1436CA451B6C49AFD";
		};
		"E08B82938BB20157BD61005B" = {
			"isa" = "PBXBuildFile";
			"fileRef" = "86F5BD6FE16519A673D2F268";
		};
		"E62C374BCB7FF679FC8B6962" = {
			"isa" = "PBXBuildFile";
			"fileRef" = "8C1B0030910700BADEACF19A";
		};
		"E16A1924E0A673635358C377" = {
			"isa" = "PBXBuildFile";
			"fileRef" = "494858FC2D7C435DFD497435";
		};
		"563ED1F71BEF429D02209B1D" = {
			"isa" = "PBXBuildFile";
			"fileRef" = "30405C0845396342E53BBDE2";
		};
		"03E69E55618F91D4676B730F" = {
			"isa" = "PBXBuildFile";
			"fileRef" = "DC9BFAD39FA847EC5B45C1C1";
		};
		"A0145D72180ACDD10B347716" = {
			"isa" = "PBXBuildFile";
			"fileRef" = "CCB360B4A25AAD5BE1F67C32";
		};
		"655D1797A97291793E74A610" = {
			"isa" = "PBXSourcesBuildPhase";
			"buildActionMask" = 2147483647;
			"files" = ("3939BCC4AA97C38CE8D6BF24", "45F5E24169AEF4C5CA725033", "684B13CF305C01863417F1D6", "3037DED613301EB8115AF107", "7BF1FB98973A8AD894A75754", "0F78534D94F694D623F8930A", "FD095BF389A188D59D6FD5DA", "E08B82938BB20157BD61005B", "E62C374BCB7FF679FC8B6962", "E16A1924E0A673635358C377", "563ED1F71BEF429D02209B1D", "03E69E55618F91D4676B730F", "A0145D72180ACDD10B347716");
			"runOnlyForDeploymentPostprocessing" = 0;
		};
		"0FD2A9C6ABB9643175DDC4F4" = {
			"isa" = "PBXBuildFile";
			"fileRef" = "8543B9AF9FEF75AAAC2F92B7";
		};
		"598581A7EAF8A344DCE3A971" = {
			"isa" = "PBXFrameworksBuildPhase";
			"buildActionMask" = 2147483647;
			"files" = ("0FD2A9C6ABB9643175DDC4F4", "6700444FC3D0C4DB1EDE8025");
			"runOnlyForDeploymentPostprocessing" = 0;
		};
		"709712820C103E3E7B0319B9" = {
			"isa" = "PBXBuildFile";
			"fileRef" = "93338A27DFB0028A55F6931F";
		};
		"52443B8933EC3D64930E53B4" = {
			"isa" = "PBXBuildFile";
			"fileRef" = "6C25DD4E7026252094AE954D";
		};
		"D1A3706D078E087378BDB2CE" = {
			"isa" = "PBXBuildFile";
			"fileRef" = "44266C45A8557E9CD4298C6A";
		};
		"8603D730D6C67717381E3FB0" = {
			"isa" = "PBXBuildFile";
			"fileRef" = "3838D20ED481FDED6CCC28DE";
		};
		"B27DF4B032B4E44BAE393C9B" = {
			"isa" = "PBXResourcesBuildPhase";
			"buildActionMask" = 2147483647;
			"files" = ("709712820C103E3E7B0319B9", "52443B8933EC3D64930E53B4", "D1A3706D078E087378BDB2CE", "8603D730D6C67717381E3FB0");
			"runOnlyForDeploymentPostprocessing" = 0;
		};
		"0EA41A1AE55A0750B6171C44" = {
			"isa" = "PBXShellScriptBuildPhase";
			"buildActionMask" = 2147483647;
			"files" = ();
			"inputPaths" = ();
			"outputPaths" = ();
			"runOnlyForDeploymentPostprocessing" = 0;
			"shellPath" = "/bin/sh";
			"shellScript" = "set -eu\nif [ ! -f \"$SRCROOT/Frameworks/configuration.txt\" ] || [ \"$(cat \"$SRCROOT/Frameworks/configuration.txt\")\" != \"$CONFIGURATION\" ]; then\n echo \"error: Run ./ios/scripts/build-rust.sh $CONFIGURATION from the repository root before this build.\"\n exit 1\nfi\n";
			"alwaysOutOfDate" = 1;
		};
		"B5C0E36D8E5036FC5EFB24BF" = {
			"isa" = "XCBuildConfiguration";
			"name" = "Debug";
			"buildSettings" = {
				"SDKROOT" = "iphoneos";
				"IPHONEOS_DEPLOYMENT_TARGET" = "18.0";
				"SWIFT_VERSION" = "5.0";
				"CLANG_ENABLE_MODULES" = "YES";
				"ENABLE_USER_SCRIPT_SANDBOXING" = "NO";
				"TARGETED_DEVICE_FAMILY" = "1,2";
				"CODE_SIGN_STYLE" = "Automatic";
				"SWIFT_EMIT_LOC_STRINGS" = "YES";
				"SWIFT_STRICT_CONCURRENCY" = "complete";
				"ENABLE_APP_SANDBOX" = "YES";
				"MARKETING_VERSION" = "0.3.0";
				"CURRENT_PROJECT_VERSION" = "1";
				"SUPPORTED_PLATFORMS" = "iphoneos iphonesimulator";
				"PRODUCT_NAME" = "$(TARGET_NAME)";
				"PRODUCT_BUNDLE_IDENTIFIER" = "com.akinokaede.hibiki";
				"GENERATE_INFOPLIST_FILE" = "YES";
				"INFOPLIST_FILE" = "Hibiki/Info.plist";
				"CODE_SIGN_ENTITLEMENTS" = "Hibiki/Hibiki.entitlements";
				"ASSETCATALOG_COMPILER_APPICON_NAME" = "AppIcon";
				"SWIFT_INCLUDE_PATHS" = "$(SRCROOT)/Generated";
				"HEADER_SEARCH_PATHS" = "$(SRCROOT)/Generated";
				"OTHER_SWIFT_FLAGS" = ("$(inherited)", "-Xcc", "-fmodule-map-file=$(SRCROOT)/Generated/hibiki_mobileFFI.modulemap");
				"OTHER_LDFLAGS" = ("$(inherited)", "-liconv", "-framework", "Security", "-framework", "SystemConfiguration");
				"INFOPLIST_KEY_UILaunchScreen_Generation" = "YES";
				"SWIFT_OPTIMIZATION_LEVEL" = "-Onone";
				"DEBUG_INFORMATION_FORMAT" = "dwarf";
				"SWIFT_ACTIVE_COMPILATION_CONDITIONS" = "$(inherited) DEBUG";
			};
		};
		"93401E7D4B3FD3E38ADB86B7" = {
			"isa" = "XCBuildConfiguration";
			"name" = "Release";
			"buildSettings" = {
				"SDKROOT" = "iphoneos";
				"IPHONEOS_DEPLOYMENT_TARGET" = "18.0";
				"SWIFT_VERSION" = "5.0";
				"CLANG_ENABLE_MODULES" = "YES";
				"ENABLE_USER_SCRIPT_SANDBOXING" = "NO";
				"TARGETED_DEVICE_FAMILY" = "1,2";
				"CODE_SIGN_STYLE" = "$(HIBIKI_CODE_SIGN_STYLE)";
				"SWIFT_EMIT_LOC_STRINGS" = "YES";
				"SWIFT_STRICT_CONCURRENCY" = "complete";
				"ENABLE_APP_SANDBOX" = "YES";
				"MARKETING_VERSION" = "0.3.0";
				"CURRENT_PROJECT_VERSION" = "1";
				"SUPPORTED_PLATFORMS" = "iphoneos iphonesimulator";
				"PRODUCT_NAME" = "$(TARGET_NAME)";
				"PRODUCT_BUNDLE_IDENTIFIER" = "com.akinokaede.hibiki";
				"GENERATE_INFOPLIST_FILE" = "YES";
				"INFOPLIST_FILE" = "Hibiki/Info.plist";
				"CODE_SIGN_ENTITLEMENTS" = "Hibiki/Hibiki.entitlements";
				"ASSETCATALOG_COMPILER_APPICON_NAME" = "AppIcon";
				"SWIFT_INCLUDE_PATHS" = "$(SRCROOT)/Generated";
				"HEADER_SEARCH_PATHS" = "$(SRCROOT)/Generated";
				"OTHER_SWIFT_FLAGS" = ("$(inherited)", "-Xcc", "-fmodule-map-file=$(SRCROOT)/Generated/hibiki_mobileFFI.modulemap");
				"OTHER_LDFLAGS" = ("$(inherited)", "-liconv", "-framework", "Security", "-framework", "SystemConfiguration");
				"INFOPLIST_KEY_UILaunchScreen_Generation" = "YES";
				"HIBIKI_CODE_SIGN_STYLE" = "Automatic";
				"HIBIKI_CODE_SIGN_IDENTITY" = "Apple Development";
				"CODE_SIGN_IDENTITY[sdk=iphoneos*]" = "$(HIBIKI_CODE_SIGN_IDENTITY)";
				"PROVISIONING_PROFILE_SPECIFIER[sdk=iphoneos*]" = "$(HIBIKI_PROVISIONING_PROFILE_SPECIFIER)";
				"SWIFT_OPTIMIZATION_LEVEL" = "-O";
				"DEBUG_INFORMATION_FORMAT" = "dwarf-with-dsym";
			};
		};
		"F4F664384143092007144938" = {
			"isa" = "XCConfigurationList";
			"buildConfigurations" = ("B5C0E36D8E5036FC5EFB24BF", "93401E7D4B3FD3E38ADB86B7");
			"defaultConfigurationIsVisible" = 0;
			"defaultConfigurationName" = "Release";
		};
		"AEEFE4805F2C2EBD61EA3179" = {
			"isa" = "PBXNativeTarget";
			"name" = "Hibiki";
			"productName" = "Hibiki";
			"productReference" = "3054375E2BBC74D2B4195B28";
			"productType" = "com.apple.product-type.application";
			"buildPhases" = ("0EA41A1AE55A0750B6171C44", "655D1797A97291793E74A610", "598581A7EAF8A344DCE3A971", "B27DF4B032B4E44BAE393C9B");
			"buildRules" = ();
			"dependencies" = ();
			"packageProductDependencies" = ("38CC08E9906CB414CE268FF7");
			"buildConfigurationList" = "F4F664384143092007144938";
		};
		"509AACB3F6D90D20566CFC55" = {
			"isa" = "PBXFileReference";
			"explicitFileType" = "wrapper.cfbundle";
			"path" = "HibikiTests.xctest";
			"sourceTree" = "BUILT_PRODUCTS_DIR";
		};
		"92A156648763B6E1BFD599B5" = {
			"isa" = "PBXBuildFile";
			"fileRef" = "A4DED26A31388E5562FACDF0";
		};
		"B432B95CA74E66C24F7E0B57" = {
			"isa" = "PBXBuildFile";
			"fileRef" = "677EF56FF2874A4E12AB07CD";
		};
		"EDB35301A6DD05797B1D690F" = {
			"isa" = "PBXBuildFile";
			"fileRef" = "784A3EAAD84AA09D325E51D6";
		};
		"188FF17FE5C8D6E4203D93BF" = {
			"isa" = "PBXBuildFile";
			"fileRef" = "F4DB51FC0E7857E98EE83D24";
		};
		"C52888ABFAD66FFB40534AEE" = {
			"isa" = "PBXBuildFile";
			"fileRef" = "6CDBC7A0DA8B2F626882C89C";
		};
		"373F8EDA9738A3EB35A48164" = {
			"isa" = "PBXSourcesBuildPhase";
			"buildActionMask" = 2147483647;
			"files" = ("92A156648763B6E1BFD599B5", "B432B95CA74E66C24F7E0B57", "EDB35301A6DD05797B1D690F", "188FF17FE5C8D6E4203D93BF", "C52888ABFAD66FFB40534AEE");
			"runOnlyForDeploymentPostprocessing" = 0;
		};
		"CD4D4555C72C61E607B5E5F4" = {
			"isa" = "PBXFrameworksBuildPhase";
			"buildActionMask" = 2147483647;
			"files" = ();
			"runOnlyForDeploymentPostprocessing" = 0;
		};
		"B4C9CDB99A39A526451FBE49" = {
			"isa" = "PBXResourcesBuildPhase";
			"buildActionMask" = 2147483647;
			"files" = ();
			"runOnlyForDeploymentPostprocessing" = 0;
		};
		"67A9750116D1A7B4C08E2591" = {
			"isa" = "PBXContainerItemProxy";
			"containerPortal" = "244210E48437B6556980A702";
			"proxyType" = 1;
			"remoteGlobalIDString" = "AEEFE4805F2C2EBD61EA3179";
			"remoteInfo" = "Hibiki";
		};
		"B77B52ED6AC4ABB8BD5F91F3" = {
			"isa" = "PBXTargetDependency";
			"target" = "AEEFE4805F2C2EBD61EA3179";
			"targetProxy" = "67A9750116D1A7B4C08E2591";
		};
		"3A7700926E599498FD86132B" = {
			"isa" = "XCBuildConfiguration";
			"name" = "Debug";
			"buildSettings" = {
				"SDKROOT" = "iphoneos";
				"IPHONEOS_DEPLOYMENT_TARGET" = "18.0";
				"SWIFT_VERSION" = "5.0";
				"CLANG_ENABLE_MODULES" = "YES";
				"ENABLE_USER_SCRIPT_SANDBOXING" = "NO";
				"TARGETED_DEVICE_FAMILY" = "1,2";
				"CODE_SIGN_STYLE" = "Automatic";
				"SWIFT_EMIT_LOC_STRINGS" = "YES";
				"SWIFT_STRICT_CONCURRENCY" = "complete";
				"ENABLE_APP_SANDBOX" = "YES";
				"MARKETING_VERSION" = "0.3.0";
				"CURRENT_PROJECT_VERSION" = "1";
				"SUPPORTED_PLATFORMS" = "iphoneos iphonesimulator";
				"PRODUCT_NAME" = "$(TARGET_NAME)";
				"PRODUCT_BUNDLE_IDENTIFIER" = "com.akinokaede.hibiki.HibikiTests";
				"GENERATE_INFOPLIST_FILE" = "YES";
				"TEST_HOST" = "$(BUILT_PRODUCTS_DIR)/Hibiki.app/$(BUNDLE_EXECUTABLE_FOLDER_PATH)/Hibiki";
				"BUNDLE_LOADER" = "$(TEST_HOST)";
				"SWIFT_INCLUDE_PATHS" = "$(SRCROOT)/Generated";
				"HEADER_SEARCH_PATHS" = "$(SRCROOT)/Generated";
				"OTHER_SWIFT_FLAGS" = ("$(inherited)", "-Xcc", "-fmodule-map-file=$(SRCROOT)/Generated/hibiki_mobileFFI.modulemap");
				"SWIFT_OPTIMIZATION_LEVEL" = "-Onone";
				"DEBUG_INFORMATION_FORMAT" = "dwarf";
				"SWIFT_ACTIVE_COMPILATION_CONDITIONS" = "$(inherited) DEBUG";
			};
		};
		"D9E8A8CA1F22BC69759C3F60" = {
			"isa" = "XCBuildConfiguration";
			"name" = "Release";
			"buildSettings" = {
				"SDKROOT" = "iphoneos";
				"IPHONEOS_DEPLOYMENT_TARGET" = "18.0";
				"SWIFT_VERSION" = "5.0";
				"CLANG_ENABLE_MODULES" = "YES";
				"ENABLE_USER_SCRIPT_SANDBOXING" = "NO";
				"TARGETED_DEVICE_FAMILY" = "1,2";
				"CODE_SIGN_STYLE" = "Automatic";
				"SWIFT_EMIT_LOC_STRINGS" = "YES";
				"SWIFT_STRICT_CONCURRENCY" = "complete";
				"ENABLE_APP_SANDBOX" = "YES";
				"MARKETING_VERSION" = "0.3.0";
				"CURRENT_PROJECT_VERSION" = "1";
				"SUPPORTED_PLATFORMS" = "iphoneos iphonesimulator";
				"PRODUCT_NAME" = "$(TARGET_NAME)";
				"PRODUCT_BUNDLE_IDENTIFIER" = "com.akinokaede.hibiki.HibikiTests";
				"GENERATE_INFOPLIST_FILE" = "YES";
				"TEST_HOST" = "$(BUILT_PRODUCTS_DIR)/Hibiki.app/$(BUNDLE_EXECUTABLE_FOLDER_PATH)/Hibiki";
				"BUNDLE_LOADER" = "$(TEST_HOST)";
				"SWIFT_INCLUDE_PATHS" = "$(SRCROOT)/Generated";
				"HEADER_SEARCH_PATHS" = "$(SRCROOT)/Generated";
				"OTHER_SWIFT_FLAGS" = ("$(inherited)", "-Xcc", "-fmodule-map-file=$(SRCROOT)/Generated/hibiki_mobileFFI.modulemap");
				"SWIFT_OPTIMIZATION_LEVEL" = "-O";
				"DEBUG_INFORMATION_FORMAT" = "dwarf-with-dsym";
			};
		};
		"588AA024EC8AA1B9F519D969" = {
			"isa" = "XCConfigurationList";
			"buildConfigurations" = ("3A7700926E599498FD86132B", "D9E8A8CA1F22BC69759C3F60");
			"defaultConfigurationIsVisible" = 0;
			"defaultConfigurationName" = "Release";
		};
		"CA15579FFC0BE66D3891BA80" = {
			"isa" = "PBXNativeTarget";
			"name" = "HibikiTests";
			"productName" = "HibikiTests";
			"productReference" = "509AACB3F6D90D20566CFC55";
			"productType" = "com.apple.product-type.bundle.unit-test";
			"buildPhases" = ("373F8EDA9738A3EB35A48164", "CD4D4555C72C61E607B5E5F4", "B4C9CDB99A39A526451FBE49");
			"buildRules" = ();
			"dependencies" = ("B77B52ED6AC4ABB8BD5F91F3");
			"packageProductDependencies" = ();
			"buildConfigurationList" = "588AA024EC8AA1B9F519D969";
		};
		"5F39525C5A8C9C1996D49C0A" = {
			"isa" = "PBXFileReference";
			"explicitFileType" = "wrapper.cfbundle";
			"path" = "HibikiUITests.xctest";
			"sourceTree" = "BUILT_PRODUCTS_DIR";
		};
		"1532C96764DB4797DCD46C56" = {
			"isa" = "PBXBuildFile";
			"fileRef" = "1647292924F036B6BD628B9C";
		};
		"E4522D18857393DF98CB0ADF" = {
			"isa" = "PBXSourcesBuildPhase";
			"buildActionMask" = 2147483647;
			"files" = ("1532C96764DB4797DCD46C56");
			"runOnlyForDeploymentPostprocessing" = 0;
		};
		"59CA1165BE429FDA4C5F71E8" = {
			"isa" = "PBXFrameworksBuildPhase";
			"buildActionMask" = 2147483647;
			"files" = ();
			"runOnlyForDeploymentPostprocessing" = 0;
		};
		"7B45B4EDF78CB2410A01893B" = {
			"isa" = "PBXResourcesBuildPhase";
			"buildActionMask" = 2147483647;
			"files" = ();
			"runOnlyForDeploymentPostprocessing" = 0;
		};
		"10B9538B1FFE7735A4218D98" = {
			"isa" = "PBXContainerItemProxy";
			"containerPortal" = "244210E48437B6556980A702";
			"proxyType" = 1;
			"remoteGlobalIDString" = "AEEFE4805F2C2EBD61EA3179";
			"remoteInfo" = "Hibiki";
		};
		"F8FB6428ED55F0DCF7524220" = {
			"isa" = "PBXTargetDependency";
			"target" = "AEEFE4805F2C2EBD61EA3179";
			"targetProxy" = "10B9538B1FFE7735A4218D98";
		};
		"019F7D5839195BCAB2C4C639" = {
			"isa" = "XCBuildConfiguration";
			"name" = "Debug";
			"buildSettings" = {
				"SDKROOT" = "iphoneos";
				"IPHONEOS_DEPLOYMENT_TARGET" = "18.0";
				"SWIFT_VERSION" = "5.0";
				"CLANG_ENABLE_MODULES" = "YES";
				"ENABLE_USER_SCRIPT_SANDBOXING" = "NO";
				"TARGETED_DEVICE_FAMILY" = "1,2";
				"CODE_SIGN_STYLE" = "Automatic";
				"SWIFT_EMIT_LOC_STRINGS" = "YES";
				"SWIFT_STRICT_CONCURRENCY" = "complete";
				"ENABLE_APP_SANDBOX" = "YES";
				"MARKETING_VERSION" = "0.3.0";
				"CURRENT_PROJECT_VERSION" = "1";
				"SUPPORTED_PLATFORMS" = "iphoneos iphonesimulator";
				"PRODUCT_NAME" = "$(TARGET_NAME)";
				"PRODUCT_BUNDLE_IDENTIFIER" = "com.akinokaede.hibiki.HibikiUITests";
				"GENERATE_INFOPLIST_FILE" = "YES";
				"TEST_TARGET_NAME" = "Hibiki";
				"SWIFT_OPTIMIZATION_LEVEL" = "-Onone";
				"DEBUG_INFORMATION_FORMAT" = "dwarf";
				"SWIFT_ACTIVE_COMPILATION_CONDITIONS" = "$(inherited) DEBUG";
			};
		};
		"5464C71183B8C7A340766EAF" = {
			"isa" = "XCBuildConfiguration";
			"name" = "Release";
			"buildSettings" = {
				"SDKROOT" = "iphoneos";
				"IPHONEOS_DEPLOYMENT_TARGET" = "18.0";
				"SWIFT_VERSION" = "5.0";
				"CLANG_ENABLE_MODULES" = "YES";
				"ENABLE_USER_SCRIPT_SANDBOXING" = "NO";
				"TARGETED_DEVICE_FAMILY" = "1,2";
				"CODE_SIGN_STYLE" = "Automatic";
				"SWIFT_EMIT_LOC_STRINGS" = "YES";
				"SWIFT_STRICT_CONCURRENCY" = "complete";
				"ENABLE_APP_SANDBOX" = "YES";
				"MARKETING_VERSION" = "0.3.0";
				"CURRENT_PROJECT_VERSION" = "1";
				"SUPPORTED_PLATFORMS" = "iphoneos iphonesimulator";
				"PRODUCT_NAME" = "$(TARGET_NAME)";
				"PRODUCT_BUNDLE_IDENTIFIER" = "com.akinokaede.hibiki.HibikiUITests";
				"GENERATE_INFOPLIST_FILE" = "YES";
				"TEST_TARGET_NAME" = "Hibiki";
				"SWIFT_OPTIMIZATION_LEVEL" = "-O";
				"DEBUG_INFORMATION_FORMAT" = "dwarf-with-dsym";
			};
		};
		"E5DA45EE85D70B77D1647775" = {
			"isa" = "XCConfigurationList";
			"buildConfigurations" = ("019F7D5839195BCAB2C4C639", "5464C71183B8C7A340766EAF");
			"defaultConfigurationIsVisible" = 0;
			"defaultConfigurationName" = "Release";
		};
		"AD5DF52E866450791A7EFC51" = {
			"isa" = "PBXNativeTarget";
			"name" = "HibikiUITests";
			"productName" = "HibikiUITests";
			"productReference" = "5F39525C5A8C9C1996D49C0A";
			"productType" = "com.apple.product-type.bundle.ui-testing";
			"buildPhases" = ("E4522D18857393DF98CB0ADF", "59CA1165BE429FDA4C5F71E8", "7B45B4EDF78CB2410A01893B");
			"buildRules" = ();
			"dependencies" = ("F8FB6428ED55F0DCF7524220");
			"packageProductDependencies" = ();
			"buildConfigurationList" = "E5DA45EE85D70B77D1647775";
		};
		"0A3E27B8CA818264D75C8D81" = {
			"isa" = "PBXGroup";
			"children" = ("3054375E2BBC74D2B4195B28", "509AACB3F6D90D20566CFC55", "5F39525C5A8C9C1996D49C0A");
			"name" = "Products";
			"sourceTree" = "<group>";
		};
		"8B9B06F21D322E6B1DFB0A75" = {
			"isa" = "PBXFileReference";
			"lastKnownFileType" = "text.plist.xml";
			"path" = "Hibiki/Info.plist";
			"sourceTree" = "<group>";
		};
		"9397FD414587FBC87B1586F0" = {
			"isa" = "PBXFileReference";
			"lastKnownFileType" = "text.plist.entitlements";
			"path" = "Hibiki/Hibiki.entitlements";
			"sourceTree" = "<group>";
		};
		"0D6E4079E36703EBD37C0072" = {
			"isa" = "PBXGroup";
			"children" = ("8AAC178D90900A6DCB8047AB", "A5B358B18FF1461B76631E22", "029B13A73DF834824C227D26", "55CF3CD1FEDFD120109B1115", "0634DB863C7CEF301E1FC617", "CA4F08FA9B685324B7752A38", "89FC3FC1436CA451B6C49AFD", "86F5BD6FE16519A673D2F268", "8C1B0030910700BADEACF19A", "494858FC2D7C435DFD497435", "30405C0845396342E53BBDE2", "DC9BFAD39FA847EC5B45C1C1", "CCB360B4A25AAD5BE1F67C32", "A4DED26A31388E5562FACDF0", "677EF56FF2874A4E12AB07CD", "784A3EAAD84AA09D325E51D6", "F4DB51FC0E7857E98EE83D24", "6CDBC7A0DA8B2F626882C89C", "1647292924F036B6BD628B9C", "93338A27DFB0028A55F6931F", "6C25DD4E7026252094AE954D", "44266C45A8557E9CD4298C6A", "3838D20ED481FDED6CCC28DE", "8543B9AF9FEF75AAAC2F92B7", "B96AFFCB5F8BACA0D897B6F5", "8B9B06F21D322E6B1DFB0A75", "9397FD414587FBC87B1586F0", "0A3E27B8CA818264D75C8D81");
			"sourceTree" = "<group>";
		};
		"73EBF6644258C120893E685D" = {
			"isa" = "XCBuildConfiguration";
			"name" = "Debug";
			"buildSettings" = {
				"SDKROOT" = "iphoneos";
				"IPHONEOS_DEPLOYMENT_TARGET" = "18.0";
				"SWIFT_VERSION" = "5.0";
				"CLANG_ENABLE_MODULES" = "YES";
				"ENABLE_USER_SCRIPT_SANDBOXING" = "NO";
				"TARGETED_DEVICE_FAMILY" = "1,2";
				"CODE_SIGN_STYLE" = "Automatic";
				"SWIFT_EMIT_LOC_STRINGS" = "YES";
				"SWIFT_STRICT_CONCURRENCY" = "complete";
				"ENABLE_APP_SANDBOX" = "YES";
				"MARKETING_VERSION" = "0.3.0";
				"CURRENT_PROJECT_VERSION" = "1";
				"SUPPORTED_PLATFORMS" = "iphoneos iphonesimulator";
				"ENABLE_TESTABILITY" = "YES";
				"SWIFT_OPTIMIZATION_LEVEL" = "-Onone";
				"DEBUG_INFORMATION_FORMAT" = "dwarf";
				"SWIFT_ACTIVE_COMPILATION_CONDITIONS" = "$(inherited) DEBUG";
			};
			"baseConfigurationReference" = "B96AFFCB5F8BACA0D897B6F5";
		};
		"0B0C687DF8B6B8DC790B519C" = {
			"isa" = "XCBuildConfiguration";
			"name" = "Release";
			"buildSettings" = {
				"SDKROOT" = "iphoneos";
				"IPHONEOS_DEPLOYMENT_TARGET" = "18.0";
				"SWIFT_VERSION" = "5.0";
				"CLANG_ENABLE_MODULES" = "YES";
				"ENABLE_USER_SCRIPT_SANDBOXING" = "NO";
				"TARGETED_DEVICE_FAMILY" = "1,2";
				"CODE_SIGN_STYLE" = "Automatic";
				"SWIFT_EMIT_LOC_STRINGS" = "YES";
				"SWIFT_STRICT_CONCURRENCY" = "complete";
				"ENABLE_APP_SANDBOX" = "YES";
				"MARKETING_VERSION" = "0.3.0";
				"CURRENT_PROJECT_VERSION" = "1";
				"SUPPORTED_PLATFORMS" = "iphoneos iphonesimulator";
				"ENABLE_TESTABILITY" = "YES";
				"SWIFT_OPTIMIZATION_LEVEL" = "-O";
				"DEBUG_INFORMATION_FORMAT" = "dwarf-with-dsym";
			};
			"baseConfigurationReference" = "B96AFFCB5F8BACA0D897B6F5";
		};
		"76F8DEC3DFE0BDB465198890" = {
			"isa" = "XCConfigurationList";
			"buildConfigurations" = ("73EBF6644258C120893E685D", "0B0C687DF8B6B8DC790B519C");
			"defaultConfigurationIsVisible" = 0;
			"defaultConfigurationName" = "Release";
		};
		"244210E48437B6556980A702" = {
			"isa" = "PBXProject";
			"attributes" = {
				"LastUpgradeCheck" = "1800";
				"BuildIndependentTargetsInParallel" = "YES";
				"TargetAttributes" = {
					"CA15579FFC0BE66D3891BA80" = {
						"TestTargetID" = "AEEFE4805F2C2EBD61EA3179";
					};
					"AD5DF52E866450791A7EFC51" = {
						"TestTargetID" = "AEEFE4805F2C2EBD61EA3179";
					};
				};
			};
			"buildConfigurationList" = "76F8DEC3DFE0BDB465198890";
			"compatibilityVersion" = "Xcode 14.0";
			"developmentRegion" = "en";
			"hasScannedForEncodings" = 0;
			"knownRegions" = ("en", "zh-Hans", "Base");
			"mainGroup" = "0D6E4079E36703EBD37C0072";
			"productRefGroup" = "0A3E27B8CA818264D75C8D81";
			"projectDirPath" = "";
			"projectRoot" = "";
			"targets" = ("AEEFE4805F2C2EBD61EA3179", "CA15579FFC0BE66D3891BA80", "AD5DF52E866450791A7EFC51");
			"packageReferences" = ("08FC9446E4EA183B226AEE65");
		};
	};
	"rootObject" = "244210E48437B6556980A702";
}
